
Microsoft Visual Studio Solution File, Format Version 12.00
# Visual Studio Version 17
VisualStudioVersion = 17.2.32602.215
MinimumVisualStudioVersion = 10.0.40219.1
Project("{FAE04EC0-301F-11D3-BF4B-00C04F79EFBC}") = "View", "View\View.csproj", "{75D8778C-D245-4909-A418-42AC60DD87C5}"
EndProject
Project("{FAE04EC0-301F-11D3-BF4B-00C04F79EFBC}") = "DTO", "DTO\DTO.csproj", "{0C107B18-49CB-4C22-82CA-294599466462}"
EndProject
Project("{FAE04EC0-301F-11D3-BF4B-00C04F79EFBC}") = "Infraestructure", "Infraestructure\Infraestructure.csproj", "{4016E1AF-DC51-4C3D-BCA1-3492D365F551}"
EndProject
Project("{FAE04EC0-301F-11D3-BF4B-00C04F79EFBC}") = "Application", "Application\Application.csproj", "{B5914F9B-6716-41D2-9AEE-A4F742EC41C3}"
EndProject
Project("{FAE04EC0-301F-11D3-BF4B-00C04F79EFBC}") = "Utils", "Utils\Utils.csproj", "{4A6EB076-5312-46E9-8847-82D7F2DC4B15}"
EndProject
Project("{FAE04EC0-301F-11D3-BF4B-00C04F79EFBC}") = "API", "API\API.csproj", "{F0FF4521-B365-4DAC-A517-17CD7B639A87}"
EndProject
Project("{2150E333-8FDC-42A3-9474-1A3956D46DE8}") = "BackEnd", "BackEnd", "{B44AE7DA-C9B9-4FC4-A085-1A2936684C64}"
EndProject
Project("{2150E333-8FDC-42A3-9474-1A3956D46DE8}") = "Frontend", "Frontend", "{5A5186FA-362D-4504-AFEF-E30E8941FBAE}"
EndProject
Global
	GlobalSection(SolutionConfigurationPlatforms) = preSolution
		Debug|Any CPU = Debug|Any CPU
		Release|Any CPU = Release|Any CPU
	EndGlobalSection
	GlobalSection(ProjectConfigurationPlatforms) = postSolution
		{75D8778C-D245-4909-A418-42AC60DD87C5}.Debug|Any CPU.ActiveCfg = Debug|Any CPU
		{75D8778C-D245-4909-A418-42AC60DD87C5}.Debug|Any CPU.Build.0 = Debug|Any CPU
		{75D8778C-D245-4909-A418-42AC60DD87C5}.Release|Any CPU.ActiveCfg = Release|Any CPU
		{75D8778C-D245-4909-A418-42AC60DD87C5}.Release|Any CPU.Build.0 = Release|Any CPU
		{0C107B18-49CB-4C22-82CA-294599466462}.Debug|Any CPU.ActiveCfg = Debug|Any CPU
		{0C107B18-49CB-4C22-82CA-294599466462}.Debug|Any CPU.Build.0 = Debug|Any CPU
		{0C107B18-49CB-4C22-82CA-294599466462}.Release|Any CPU.ActiveCfg = Release|Any CPU
		{0C107B18-49CB-4C22-82CA-294599466462}.Release|Any CPU.Build.0 = Release|Any CPU
		{4016E1AF-DC51-4C3D-BCA1-3492D365F551}.Debug|Any CPU.ActiveCfg = Debug|Any CPU
		{4016E1AF-DC51-4C3D-BCA1-3492D365F551}.Debug|Any CPU.Build.0 = Debug|Any CPU
		{4016E1AF-DC51-4C3D-BCA1-3492D365F551}.Release|Any CPU.ActiveCfg = Release|Any CPU
		{4016E1AF-DC51-4C3D-BCA1-3492D365F551}.Release|Any CPU.Build.0 = Release|Any CPU
		{B5914F9B-6716-41D2-9AEE-A4F742EC41C3}.Debug|Any CPU.ActiveCfg = Debug|Any CPU
		{B5914F9B-6716-41D2-9AEE-A4F742EC41C3}.Debug|Any CPU.Build.0 = Debug|Any CPU
		{B5914F9B-6716-41D2-9AEE-A4F742EC41C3}.Release|Any CPU.ActiveCfg = Release|Any CPU
		{B5914F9B-6716-41D2-9AEE-A4F742EC41C3}.Release|Any CPU.Build.0 = Release|Any CPU
		{4A6EB076-5312-46E9-8847-82D7F2DC4B15}.Debug|Any CPU.ActiveCfg = Debug|Any CPU
		{4A6EB076-5312-46E9-8847-82D7F2DC4B15}.Debug|Any CPU.Build.0 = Debug|Any CPU
		{4A6EB076-5312-46E9-8847-82D7F2DC4B15}.Release|Any CPU.ActiveCfg = Release|Any CPU
		{4A6EB076-5312-46E9-8847-82D7F2DC4B15}.Release|Any CPU.Build.0 = Release|Any CPU
		{F0FF4521-B365-4DAC-A517-17CD7B639A87}.Debug|Any CPU.ActiveCfg = Debug|Any CPU
		{F0FF4521-B365-4DAC-A517-17CD7B639A87}.Debug|Any CPU.Build.0 = Debug|Any CPU
		{F0FF4521-B365-4DAC-A517-17CD7B639A87}.Release|Any CPU.ActiveCfg = Release|Any CPU
		{F0FF4521-B365-4DAC-A517-17CD7B639A87}.Release|Any CPU.Build.0 = Release|Any CPU
	EndGlobalSection
	GlobalSection(SolutionProperties) = preSolution
		HideSolutionNode = FALSE
	EndGlobalSection
	GlobalSection(NestedProjects) = preSolution
		{75D8778C-D245-4909-A418-42AC60DD87C5} = {5A5186FA-362D-4504-AFEF-E30E8941FBAE}
		{0C107B18-49CB-4C22-82CA-294599466462} = {B44AE7DA-C9B9-4FC4-A085-1A2936684C64}
		{4016E1AF-DC51-4C3D-BCA1-3492D365F551} = {B44AE7DA-C9B9-4FC4-A085-1A2936684C64}
		{B5914F9B-6716-41D2-9AEE-A4F742EC41C3} = {B44AE7DA-C9B9-4FC4-A085-1A2936684C64}
		{4A6EB076-5312-46E9-8847-82D7F2DC4B15} = {B44AE7DA-C9B9-4FC4-A085-1A2936684C64}
		{F0FF4521-B365-4DAC-A517-17CD7B639A87} = {B44AE7DA-C9B9-4FC4-A085-1A2936684C64}
	EndGlobalSection
	GlobalSection(ExtensibilityGlobals) = postSolution
		SolutionGuid = {043BE501-41AC-450E-9067-4FB7F8139B43}
	EndGlobalSection
EndGlobal
